{
	"name": "@js-soft/native-abstractions",
	"version": "1.0.4",
	"lockfileVersion": 2,
	"requires": true,
	"packages": {
		"": {
			"name": "@js-soft/native-abstractions",
			"version": "1.0.4",
			"license": "MIT",
			"dependencies": {
				"@js-soft/docdb-access-loki": "^1.0.2",
				"@js-soft/logging-abstractions": "^1.0.0",
				"@js-soft/ts-utils": "^1.1.1"
			},
			"devDependencies": {
				"@types/node": "^16.11.11",
				"typescript": "^4.5.2"
			}
		},
		"node_modules/@js-soft/docdb-access-abstractions": {
			"version": "1.0.1",
			"resolved": "https://registry.npmjs.org/@js-soft/docdb-access-abstractions/-/docdb-access-abstractions-1.0.1.tgz",
			"integrity": "sha512-4OESJqT0VmOeF7A43BBgC7SCDXrVJ86tyAtkeFzXskUAC9GhUlaCye/Nd2X+vKj38c5m6hyKs7q0kdS1u3BZQA=="
		},
		"node_modules/@js-soft/docdb-access-loki": {
			"version": "1.0.2",
			"resolved": "https://registry.npmjs.org/@js-soft/docdb-access-loki/-/docdb-access-loki-1.0.2.tgz",
			"integrity": "sha512-P+eT46RLGGDrl7Ts38mLHRU9RgxSP7yLxY5sOC1EpxAcwHF9/hqS/6WvlG+KhL8MW/kxlnCXXJl/R1cYM/xFYw==",
			"dependencies": {
				"@js-soft/docdb-access-abstractions": "1.0.1",
				"@types/lokijs": "1.5.6",
				"lokijs": "1.5.12"
			}
		},
		"node_modules/@js-soft/logging-abstractions": {
			"version": "1.0.0",
			"resolved": "https://registry.npmjs.org/@js-soft/logging-abstractions/-/logging-abstractions-1.0.0.tgz",
			"integrity": "sha512-LKfFX5UimbFyEPjC76Z7b9PYXLkKTxbCddt+PL41gAx0Ub6pW74wbRpOD+EqgTqxWdNKyxfU+lfeu9mRi2JGHg=="
		},
		"node_modules/@js-soft/ts-utils": {
			"version": "1.1.1",
			"resolved": "https://registry.npmjs.org/@js-soft/ts-utils/-/ts-utils-1.1.1.tgz",
			"integrity": "sha512-QEdU3DpuayOd4MYhFQRH4kEGixSUrKVzsQnF4NUDzeA9mPr1mEXn/ce60MEUt9j6eEFXZ0+F+Kk/3pbVc89w/A==",
			"dependencies": {
				"eventemitter2": "^6.4.5",
				"reflect-metadata": "^0.1.13"
			}
		},
		"node_modules/@types/lokijs": {
			"version": "1.5.6",
			"resolved": "https://registry.npmjs.org/@types/lokijs/-/lokijs-1.5.6.tgz",
			"integrity": "sha512-hQBM/riu+/a6z9Tnv/sK8dpnGHog5q8HXritjUOP62VoZ4cauPQrGV0hGoZIHg76Xk1lnYHIQb5AVhFaDsMRkg=="
		},
		"node_modules/@types/node": {
			"version": "16.11.19",
			"resolved": "https://registry.npmjs.org/@types/node/-/node-16.11.19.tgz",
			"integrity": "sha512-BPAcfDPoHlRQNKktbsbnpACGdypPFBuX4xQlsWDE7B8XXcfII+SpOLay3/qZmCLb39kV5S1RTYwXdkx2lwLYng==",
			"dev": true
		},
		"node_modules/eventemitter2": {
			"version": "6.4.5",
			"resolved": "https://registry.npmjs.org/eventemitter2/-/eventemitter2-6.4.5.tgz",
			"integrity": "sha512-bXE7Dyc1i6oQElDG0jMRZJrRAn9QR2xyyFGmBdZleNmyQX0FqGYmhZIrIrpPfm/w//LTo4tVQGOGQcGCb5q9uw=="
		},
		"node_modules/lokijs": {
			"version": "1.5.12",
			"resolved": "https://registry.npmjs.org/lokijs/-/lokijs-1.5.12.tgz",
			"integrity": "sha512-Q5ALD6JiS6xAUWCwX3taQmgwxyveCtIIuL08+ml0nHwT3k0S/GIFJN+Hd38b1qYIMaE5X++iqsqWVksz7SYW+Q=="
		},
		"node_modules/reflect-metadata": {
			"version": "0.1.13",
			"resolved": "https://registry.npmjs.org/reflect-metadata/-/reflect-metadata-0.1.13.tgz",
			"integrity": "sha512-Ts1Y/anZELhSsjMcU605fU9RE4Oi3p5ORujwbIKXfWa+0Zxs510Qrmrce5/Jowq3cHSZSJqBjypxmHarc+vEWg=="
		},
		"node_modules/typescript": {
			"version": "4.5.4",
			"resolved": "https://registry.npmjs.org/typescript/-/typescript-4.5.4.tgz",
			"integrity": "sha512-VgYs2A2QIRuGphtzFV7aQJduJ2gyfTljngLzjpfW9FoYZF6xuw1W0vW9ghCKLfcWrCFxK81CSGRAvS1pn4fIUg==",
			"dev": true,
			"bin": {
				"tsc": "bin/tsc",
				"tsserver": "bin/tsserver"
			},
			"engines": {
				"node": ">=4.2.0"
			}
		}
	},
	"dependencies": {
		"@js-soft/docdb-access-abstractions": {
			"version": "1.0.1",
			"resolved": "https://registry.npmjs.org/@js-soft/docdb-access-abstractions/-/docdb-access-abstractions-1.0.1.tgz",
			"integrity": "sha512-4OESJqT0VmOeF7A43BBgC7SCDXrVJ86tyAtkeFzXskUAC9GhUlaCye/Nd2X+vKj38c5m6hyKs7q0kdS1u3BZQA=="
		},
		"@js-soft/docdb-access-loki": {
			"version": "1.0.2",
			"resolved": "https://registry.npmjs.org/@js-soft/docdb-access-loki/-/docdb-access-loki-1.0.2.tgz",
			"integrity": "sha512-P+eT46RLGGDrl7Ts38mLHRU9RgxSP7yLxY5sOC1EpxAcwHF9/hqS/6WvlG+KhL8MW/kxlnCXXJl/R1cYM/xFYw==",
			"requires": {
				"@js-soft/docdb-access-abstractions": "1.0.1",
				"@types/lokijs": "1.5.6",
				"lokijs": "1.5.12"
			}
		},
		"@js-soft/logging-abstractions": {
			"version": "1.0.0",
			"resolved": "https://registry.npmjs.org/@js-soft/logging-abstractions/-/logging-abstractions-1.0.0.tgz",
			"integrity": "sha512-LKfFX5UimbFyEPjC76Z7b9PYXLkKTxbCddt+PL41gAx0Ub6pW74wbRpOD+EqgTqxWdNKyxfU+lfeu9mRi2JGHg=="
		},
		"@js-soft/ts-utils": {
			"version": "1.1.1",
			"resolved": "https://registry.npmjs.org/@js-soft/ts-utils/-/ts-utils-1.1.1.tgz",
			"integrity": "sha512-QEdU3DpuayOd4MYhFQRH4kEGixSUrKVzsQnF4NUDzeA9mPr1mEXn/ce60MEUt9j6eEFXZ0+F+Kk/3pbVc89w/A==",
			"requires": {
				"eventemitter2": "^6.4.5",
				"reflect-metadata": "^0.1.13"
			}
		},
		"@types/lokijs": {
			"version": "1.5.6",
			"resolved": "https://registry.npmjs.org/@types/lokijs/-/lokijs-1.5.6.tgz",
			"integrity": "sha512-hQBM/riu+/a6z9Tnv/sK8dpnGHog5q8HXritjUOP62VoZ4cauPQrGV0hGoZIHg76Xk1lnYHIQb5AVhFaDsMRkg=="
		},
		"@types/node": {
			"version": "16.11.19",
			"resolved": "https://registry.npmjs.org/@types/node/-/node-16.11.19.tgz",
			"integrity": "sha512-BPAcfDPoHlRQNKktbsbnpACGdypPFBuX4xQlsWDE7B8XXcfII+SpOLay3/qZmCLb39kV5S1RTYwXdkx2lwLYng==",
			"dev": true
		},
		"eventemitter2": {
			"version": "6.4.5",
			"resolved": "https://registry.npmjs.org/eventemitter2/-/eventemitter2-6.4.5.tgz",
			"integrity": "sha512-bXE7Dyc1i6oQElDG0jMRZJrRAn9QR2xyyFGmBdZleNmyQX0FqGYmhZIrIrpPfm/w//LTo4tVQGOGQcGCb5q9uw=="
		},
		"lokijs": {
			"version": "1.5.12",
			"resolved": "https://registry.npmjs.org/lokijs/-/lokijs-1.5.12.tgz",
			"integrity": "sha512-Q5ALD6JiS6xAUWCwX3taQmgwxyveCtIIuL08+ml0nHwT3k0S/GIFJN+Hd38b1qYIMaE5X++iqsqWVksz7SYW+Q=="
		},
		"reflect-metadata": {
			"version": "0.1.13",
			"resolved": "https://registry.npmjs.org/reflect-metadata/-/reflect-metadata-0.1.13.tgz",
			"integrity": "sha512-Ts1Y/anZELhSsjMcU605fU9RE4Oi3p5ORujwbIKXfWa+0Zxs510Qrmrce5/Jowq3cHSZSJqBjypxmHarc+vEWg=="
		},
		"typescript": {
			"version": "4.5.4",
			"resolved": "https://registry.npmjs.org/typescript/-/typescript-4.5.4.tgz",
			"integrity": "sha512-VgYs2A2QIRuGphtzFV7aQJduJ2gyfTljngLzjpfW9FoYZF6xuw1W0vW9ghCKLfcWrCFxK81CSGRAvS1pn4fIUg==",
			"dev": true
		}
	}
}
